// !$*UTF8*$!
{
	archiveVersion = 1;
	classes = {
	};
	objectVersion = 46;
	objects = {

/* Begin PBXBuildFile section */
		3F593E5419C2C8430053B679 /* AppDelegate.swift in Sources */ = {isa = PBXBuildFile; fileRef = 3F593E5319C2C8430053B679 /* AppDelegate.swift */; };
		3F593E5619C2C8430053B679 /* ViewController.swift in Sources */ = {isa = PBXBuildFile; fileRef = 3F593E5519C2C8430053B679 /* ViewController.swift */; };
		3F593E5919C2C8430053B679 /* Main.storyboard in Resources */ = {isa = PBXBuildFile; fileRef = 3F593E5719C2C8430053B679 /* Main.storyboard */; };
		3F593E5B19C2C8430053B679 /* Images.xcassets in Resources */ = {isa = PBXBuildFile; fileRef = 3F593E5A19C2C8430053B679 /* Images.xcassets */; };
		3F593E6719C2C8430053B679 /* TipCalculatorTests.swift in Sources */ = {isa = PBXBuildFile; fileRef = 3F593E6619C2C8430053B679 /* TipCalculatorTests.swift */; };
		3F593E8119C2ECBF0053B679 /* TipCalculatorModel.swift in Sources */ = {isa = PBXBuildFile; fileRef = 3F593E8019C2ECBF0053B679 /* TipCalculatorModel.swift */; };
/* End PBXBuildFile section */

/* Begin PBXContainerItemProxy section */
		3F593E6119C2C8430053B679 /* PBXContainerItemProxy */ = {
			isa = PBXContainerItemProxy;
			containerPortal = 3F593E4619C2C8430053B679 /* Project object */;
			proxyType = 1;
			remoteGlobalIDString = 3F593E4D19C2C8430053B679;
			remoteInfo = TipCalculator;
		};
/* End PBXContainerItemProxy section */

/* Begin PBXFileReference section */
		3F593E4E19C2C8430053B679 /* TipCalculator.app */ = {isa = PBXFileReference; explicitFileType = wrapper.application; includeInIndex = 0; path = TipCalculator.app; sourceTree = BUILT_PRODUCTS_DIR; };
		3F593E5219C2C8430053B679 /* Info.plist */ = {isa = PBXFileReference; lastKnownFileType = text.plist.xml; path = Info.plist; sourceTree = "<group>"; };
		3F593E5319C2C8430053B679 /* AppDelegate.swift */ = {isa = PBXFileReference; lastKnownFileType = sourcecode.swift; path = AppDelegate.swift; sourceTree = "<group>"; };
		3F593E5519C2C8430053B679 /* ViewController.swift */ = {isa = PBXFileReference; lastKnownFileType = sourcecode.swift; path = ViewController.swift; sourceTree = "<group>"; };
		3F593E5819C2C8430053B679 /* Base */ = {isa = PBXFileReference; lastKnownFileType = file.storyboard; name = Base; path = Base.lproj/Main.storyboard; sourceTree = "<group>"; };
		3F593E5A19C2C8430053B679 /* Images.xcassets */ = {isa = PBXFileReference; lastKnownFileType = folder.assetcatalog; path = Images.xcassets; sourceTree = "<group>"; };
		3F593E6019C2C8430053B679 /* TipCalculatorTests.xctest */ = {isa = PBXFileReference; explicitFileType = wrapper.cfbundle; includeInIndex = 0; path = TipCalculatorTests.xctest; sourceTree = BUILT_PRODUCTS_DIR; };
		3F593E6519C2C8430053B679 /* Info.plist */ = {isa = PBXFileReference; lastKnownFileType = text.plist.xml; path = Info.plist; sourceTree = "<group>"; };
		3F593E6619C2C8430053B679 /* TipCalculatorTests.swift */ = {isa = PBXFileReference; lastKnownFileType = sourcecode.swift; path = TipCalculatorTests.swift; sourceTree = "<group>"; };
		3F593E8019C2ECBF0053B679 /* TipCalculatorModel.swift */ = {isa = PBXFileReference; fileEncoding = 4; lastKnownFileType = sourcecode.swift; path = TipCalculatorModel.swift; sourceTree = "<group>"; };
/* End PBXFileReference section */

/* Begin PBXFrameworksBuildPhase section */
		3F593E4B19C2C8430053B679 /* Frameworks */ = {
			isa = PBXFrameworksBuildPhase;
			buildActionMask = 2147483647;
			files = (
			);
			runOnlyForDeploymentPostprocessing = 0;
		};
		3F593E5D19C2C8430053B679 /* Frameworks */ = {
			isa = PBXFrameworksBuildPhase;
			buildActionMask = 2147483647;
			files = (
			);
			runOnlyForDeploymentPostprocessing = 0;
		};
/* End PBXFrameworksBuildPhase section */

/* Begin PBXGroup section */
		3F593E4519C2C8430053B679 = {
			isa = PBXGroup;
			children = (
				3F593E5019C2C8430053B679 /* TipCalculator */,
				3F593E6319C2C8430053B679 /* TipCalculatorTests */,
				3F593E4F19C2C8430053B679 /* Products */,
			);
			sourceTree = "<group>";
		};
		3F593E4F19C2C8430053B679 /* Products */ = {
			isa = PBXGroup;
			children = (
				3F593E4E19C2C8430053B679 /* TipCalculator.app */,
				3F593E6019C2C8430053B679 /* TipCalculatorTests.xctest */,
			);
			name = Products;
			sourceTree = "<group>";
		};
		3F593E5019C2C8430053B679 /* TipCalculator */ = {
			isa = PBXGroup;
			children = (
				3F593E8019C2ECBF0053B679 /* TipCalculatorModel.swift */,
				3F593E5319C2C8430053B679 /* AppDelegate.swift */,
				3F593E5519C2C8430053B679 /* ViewController.swift */,
				3F593E5719C2C8430053B679 /* Main.storyboard */,
				3F593E5A19C2C8430053B679 /* Images.xcassets */,
				3F593E5119C2C8430053B679 /* Supporting Files */,
			);
			path = TipCalculator;
			sourceTree = "<group>";
		};
		3F593E5119C2C8430053B679 /* Supporting Files */ = {
			isa = PBXGroup;
			children = (
				3F593E5219C2C8430053B679 /* Info.plist */,
			);
			name = "Supporting Files";
			sourceTree = "<group>";
		};
		3F593E6319C2C8430053B679 /* TipCalculatorTests */ = {
			isa = PBXGroup;
			children = (
				3F593E6619C2C8430053B679 /* TipCalculatorTests.swift */,
				3F593E6419C2C8430053B679 /* Supporting Files */,
			);
			path = TipCalculatorTests;
			sourceTree = "<group>";
		};
		3F593E6419C2C8430053B679 /* Supporting Files */ = {
			isa = PBXGroup;
			children = (
				3F593E6519C2C8430053B679 /* Info.plist */,
			);
			name = "Supporting Files";
			sourceTree = "<group>";
		};
/* End PBXGroup section */

/* Begin PBXNativeTarget section */
		3F593E4D19C2C8430053B679 /* TipCalculator */ = {
			isa = PBXNativeTarget;
			buildConfigurationList = 3F593E6A19C2C8430053B679 /* Build configuration list for PBXNativeTarget "TipCalculator" */;
			buildPhases = (
				3F593E4A19C2C8430053B679 /* Sources */,
				3F593E4B19C2C8430053B679 /* Frameworks */,
				3F593E4C19C2C8430053B679 /* Resources */,
			);
			buildRules = (
			);
			dependencies = (
			);
			name = TipCalculator;
			productName = TipCalculator;
			productReference = 3F593E4E19C2C8430053B679 /* TipCalculator.app */;
			productType = "com.apple.product-type.application";
		};
		3F593E5F19C2C8430053B679 /* TipCalculatorTests */ = {
			isa = PBXNativeTarget;
			buildConfigurationList = 3F593E6D19C2C8430053B679 /* Build configuration list for PBXNativeTarget "TipCalculatorTests" */;
			buildPhases = (
				3F593E5C19C2C8430053B679 /* Sources */,
				3F593E5D19C2C8430053B679 /* Frameworks */,
				3F593E5E19C2C8430053B679 /* Resources */,
			);
			buildRules = (
			);
			dependencies = (
				3F593E6219C2C8430053B679 /* PBXTargetDependency */,
			);
			name = TipCalculatorTests;
			productName = TipCalculatorTests;
			productReference = 3F593E6019C2C8430053B679 /* TipCalculatorTests.xctest */;
			productType = "com.apple.product-type.bundle.unit-test";
		};
/* End PBXNativeTarget section */

/* Begin PBXProject section */
		3F593E4619C2C8430053B679 /* Project object */ = {
			isa = PBXProject;
			attributes = {
				LastUpgradeCheck = 0600;
				ORGANIZATIONNAME = student;
				TargetAttributes = {
					3F593E4D19C2C8430053B679 = {
						CreatedOnToolsVersion = 6.0;
					};
					3F593E5F19C2C8430053B679 = {
						CreatedOnToolsVersion = 6.0;
						TestTargetID = 3F593E4D19C2C8430053B679;
					};
				};
			};
			buildConfigurationList = 3F593E4919C2C8430053B679 /* Build configuration list for PBXProject "TipCalculator" */;
			compatibilityVersion = "Xcode 3.2";
			developmentRegion = English;
			hasScannedForEncodings = 0;
			knownRegions = (
				en,
				Base,
			);
			mainGroup = 3F593E4519C2C8430053B679;
			productRefGroup = 3F593E4F19C2C8430053B679 /* Products */;
			projectDirPath = "";
			projectRoot = "";
			targets = (
				3F593E4D19C2C8430053B679 /* TipCalculator */,
				3F593E5F19C2C8430053B679 /* TipCalculatorTests */,
			);
		};
/* End PBXProject section */

/* Begin PBXResourcesBuildPhase section */
		3F593E4C19C2C8430053B679 /* Resources */ = {
			isa = PBXResourcesBuildPhase;
			buildActionMask = 2147483647;
			files = (
				3F593E5919C2C8430053B679 /* Main.storyboard in Resources */,
				3F593E5B19C2C8430053B679 /* Images.xcassets in Resources */,
			);
			runOnlyForDeploymentPostprocessing = 0;
		};
		3F593E5E19C2C8430053B679 /* Resources */ = {
			isa = PBXResourcesBuildPhase;
			buildActionMask = 2147483647;
			files = (
			);
			runOnlyForDeploymentPostprocessing = 0;
		};
/* End PBXResourcesBuildPhase section */

/* Begin PBXSourcesBuildPhase section */
		3F593E4A19C2C8430053B679 /* Sources */ = {
			isa = PBXSourcesBuildPhase;
			buildActionMask = 2147483647;
			files = (
				3F593E8119C2ECBF0053B679 /* TipCalculatorModel.swift in Sources */,
				3F593E5619C2C8430053B679 /* ViewController.swift in Sources */,
				3F593E5419C2C8430053B679 /* AppDelegate.swift in Sources */,
			);
			runOnlyForDeploymentPostprocessing = 0;
		};
		3F593E5C19C2C8430053B679 /* Sources */ = {
			isa = PBXSourcesBuildPhase;
			buildActionMask = 2147483647;
			files = (
				3F593E6719C2C8430053B679 /* TipCalculatorTests.swift in Sources */,
			);
			runOnlyForDeploymentPostprocessing = 0;
		};
/* End PBXSourcesBuildPhase section */

/* Begin PBXTargetDependency section */
		3F593E6219C2C8430053B679 /* PBXTargetDependency */ = {
			isa = PBXTargetDependency;
			target = 3F593E4D19C2C8430053B679 /* TipCalculator */;
			targetProxy = 3F593E6119C2C8430053B679 /* PBXContainerItemProxy */;
		};
/* End PBXTargetDependency section */

/* Begin PBXVariantGroup section */
		3F593E5719C2C8430053B679 /* Main.storyboard */ = {
			isa = PBXVariantGroup;
			children = (
				3F593E5819C2C8430053B679 /* Base */,
			);
			name = Main.storyboard;
			sourceTree = "<group>";
		};
/* End PBXVariantGroup section */

/* Begin XCBuildConfiguration section */
		3F593E6819C2C8430053B679 /* Debug */ = {
			isa = XCBuildConfiguration;
			buildSettings = {
				ALWAYS_SEARCH_USER_PATHS = NO;
				CLANG_CXX_LANGUAGE_STANDARD = "gnu++0x";
				CLANG_CXX_LIBRARY = "libc++";
				CLANG_ENABLE_MODULES = YES;
				CLANG_ENABLE_OBJC_ARC = YES;
				CLANG_WARN_BOOL_CONVERSION = YES;
				CLANG_WARN_CONSTANT_CONVERSION = YES;
				CLANG_WARN_DIRECT_OBJC_ISA_USAGE = YES_ERROR;
				CLANG_WARN_EMPTY_BODY = YES;
				CLANG_WARN_ENUM_CONVERSION = YES;
				CLANG_WARN_INT_CONVERSION = YES;
				CLANG_WARN_OBJC_ROOT_CLASS = YES_ERROR;
				CLANG_WARN_UNREACHABLE_CODE = YES;
				CLANG_WARN__DUPLICATE_METHOD_MATCH = YES;
				"CODE_SIGN_IDENTITY[sdk=iphoneos*]" = "iPhone Developer";
				COPY_PHASE_STRIP = NO;
				ENABLE_STRICT_OBJC_MSGSEND = YES;
				GCC_C_LANGUAGE_STANDARD = gnu99;
				GCC_DYNAMIC_NO_PIC = NO;
				GCC_OPTIMIZATION_LEVEL = 0;
				GCC_PREPROCESSOR_DEFINITIONS = (
					"DEBUG=1",
					"$(inherited)",
				);
				GCC_SYMBOLS_PRIVATE_EXTERN = NO;
				GCC_WARN_64_TO_32_BIT_CONVERSION = YES;
				GCC_WARN_ABOUT_RETURN_TYPE = YES_ERROR;
				GCC_WARN_UNDECLARED_SELECTOR = YES;
				GCC_WARN_UNINITIALIZED_AUTOS = YES_AGGRESSIVE;
				GCC_WARN_UNUSED_FUNCTION = YES;
				GCC_WARN_UNUSED_VARIABLE = YES;
				IPHONEOS_DEPLOYMENT_TARGET = 8.0;
				MTL_ENABLE_DEBUG_INFO = YES;
				ONLY_ACTIVE_ARCH = YES;
				SDKROOT = iphoneos;
				SWIFT_OPTIMIZATION_LEVEL = "-Onone";
			};
			name = Debug;
		};
		3F593E6919C2C8430053B679 /* Release */ = {
			isa = XCBuildConfiguration;
			buildSettings = {
				ALWAYS_SEARCH_USER_PATHS = NO;
				CLANG_CXX_LANGUAGE_STANDARD = "gnu++0x";
				CLANG_CXX_LIBRARY = "libc++";
				CLANG_ENABLE_MODULES = YES;
				CLANG_ENABLE_OBJC_ARC = YES;
				CLANG_WARN_BOOL_CONVERSION = YES;
				CLANG_WARN_CONSTANT_CONVERSION = YES;
				CLANG_WARN_DIRECT_OBJC_ISA_USAGE = YES_ERROR;
				CLANG_WARN_EMPTY_BODY = YES;
				CLANG_WARN_ENUM_CONVERSION = YES;
				CLANG_WARN_INT_CONVERSION = YES;
				CLANG_WARN_OBJC_ROOT_CLASS = YES_ERROR;
				CLANG_WARN_UNREACHABLE_CODE = YES;
				CLANG_WARN__DUPLICATE_METHOD_MATCH = YES;
				"CODE_SIGN_IDENTITY[sdk=iphoneos*]" = "iPhone Developer";
				COPY_PHASE_STRIP = YES;
				ENABLE_NS_ASSERTIONS = NO;
				ENABLE_STRICT_OBJC_MSGSEND = YES;
				GCC_C_LANGUAGE_STANDARD = gnu99;
				GCC_WARN_64_TO_32_BIT_CONVERSION = YES;
				GCC_WARN_ABOUT_RETURN_TYPE = YES_ERROR;
				GCC_WARN_UNDECLARED_SELECTOR = YES;
				GCC_WARN_UNINITIALIZED_AUTOS = YES_AGGRESSIVE;
				GCC_WARN_UNUSED_FUNCTION = YES;
				GCC_WARN_UNUSED_VARIABLE = YES;
				IPHONEOS_DEPLOYMENT_TARGET = 8.0;
				MTL_ENABLE_DEBUG_INFO = NO;
				SDKROOT = iphoneos;
				VALIDATE_PRODUCT = YES;
			};
			name = Release;
		};
		3F593E6B19C2C8430053B679 /* Debug */ = {
			isa = XCBuildConfiguration;
			buildSettings = {
				ASSETCATALOG_COMPILER_APPICON_NAME = AppIcon;
				ASSETCATALOG_COMPILER_LAUNCHIMAGE_NAME = LaunchImage;
				INFOPLIST_FILE = TipCalculator/Info.plist;
				LD_RUNPATH_SEARCH_PATHS = "$(inherited) @executable_path/Frameworks";
				PRODUCT_NAME = "$(TARGET_NAME)";
			};
			name = Debug;
		};
		3F593E6C19C2C8430053B679 /* Release */ = {
			isa = XCBuildConfiguration;
			buildSettings = {
				ASSETCATALOG_COMPILER_APPICON_NAME = AppIcon;
				ASSETCATALOG_COMPILER_LAUNCHIMAGE_NAME = LaunchImage;
				INFOPLIST_FILE = TipCalculator/Info.plist;
				LD_RUNPATH_SEARCH_PATHS = "$(inherited) @executable_path/Frameworks";
				PRODUCT_NAME = "$(TARGET_NAME)";
			};
			name = Release;
		};
		3F593E6E19C2C8430053B679 /* Debug */ = {
			isa = XCBuildConfiguration;
			buildSettings = {
				BUNDLE_LOADER = "$(BUILT_PRODUCTS_DIR)/TipCalculator.app/TipCalculator";
				FRAMEWORK_SEARCH_PATHS = (
					"$(SDKROOT)/Developer/Library/Frameworks",
					"$(inherited)",
				);
				GCC_PREPROCESSOR_DEFINITIONS = (
					"DEBUG=1",
					"$(inherited)",
				);
				INFOPLIST_FILE = TipCalculatorTests/Info.plist;
				LD_RUNPATH_SEARCH_PATHS = "$(inherited) @executable_path/Frameworks @loader_path/Frameworks";
				PRODUCT_NAME = "$(TARGET_NAME)";
				TEST_HOST = "$(BUNDLE_LOADER)";
			};
			name = Debug;
		};
		3F593E6F19C2C8430053B679 /* Release */ = {
			isa = XCBuildConfiguration;
			buildSettings = {
				BUNDLE_LOADER = "$(BUILT_PRODUCTS_DIR)/TipCalculator.app/TipCalculator";
				FRAMEWORK_SEARCH_PATHS = (
					"$(SDKROOT)/Developer/Library/Frameworks",
					"$(inherited)",
				);
				INFOPLIST_FILE = TipCalculatorTests/Info.plist;
				LD_RUNPATH_SEARCH_PATHS = "$(inherited) @executable_path/Frameworks @loader_path/Frameworks";
				PRODUCT_NAME = "$(TARGET_NAME)";
				TEST_HOST = "$(BUNDLE_LOADER)";
			};
			name = Release;
		};
/* End XCBuildConfiguration section */

/* Begin XCConfigurationList section */
		3F593E4919C2C8430053B679 /* Build configuration list for PBXProject "TipCalculator" */ = {
			isa = XCConfigurationList;
			buildConfigurations = (
				3F593E6819C2C8430053B679 /* Debug */,
				3F593E6919C2C8430053B679 /* Release */,
			);
			defaultConfigurationIsVisible = 0;
			defaultConfigurationName = Release;
		};
		3F593E6A19C2C8430053B679 /* Build configuration list for PBXNativeTarget "TipCalculator" */ = {
			isa = XCConfigurationList;
			buildConfigurations = (
				3F593E6B19C2C8430053B679 /* Debug */,
				3F593E6C19C2C8430053B679 /* Release */,
			);
			defaultConfigurationIsVisible = 0;
		};
		3F593E6D19C2C8430053B679 /* Build configuration list for PBXNativeTarget "TipCalculatorTests" */ = {
			isa = XCConfigurationList;
			buildConfigurations = (
				3F593E6E19C2C8430053B679 /* Debug */,
				3F593E6F19C2C8430053B679 /* Release */,
			);
			defaultConfigurationIsVisible = 0;
		};
/* End XCConfigurationList section */
	};
	rootObject = 3F593E4619C2C8430053B679 /* Project object */;
}
