// !$*UTF8*$!
{
	archiveVersion = 1;
	classes = {
	};
	objectVersion = 46;
	objects = {

/* Begin PBXBuildFile section */
		3F222FD61A0C9DA90081992F /* AppDelegate.swift in Sources */ = {isa = PBXBuildFile; fileRef = 3F222FD51A0C9DA90081992F /* AppDelegate.swift */; };
		3F222FD81A0C9DA90081992F /* ViewController.swift in Sources */ = {isa = PBXBuildFile; fileRef = 3F222FD71A0C9DA90081992F /* ViewController.swift */; };
		3F222FDB1A0C9DA90081992F /* Main.storyboard in Resources */ = {isa = PBXBuildFile; fileRef = 3F222FD91A0C9DA90081992F /* Main.storyboard */; };
		3F222FDD1A0C9DA90081992F /* Images.xcassets in Resources */ = {isa = PBXBuildFile; fileRef = 3F222FDC1A0C9DA90081992F /* Images.xcassets */; };
		3F222FE01A0C9DA90081992F /* LaunchScreen.xib in Resources */ = {isa = PBXBuildFile; fileRef = 3F222FDE1A0C9DA90081992F /* LaunchScreen.xib */; };
		3F222FEC1A0C9DA90081992F /* UIkitAnimationTests.swift in Sources */ = {isa = PBXBuildFile; fileRef = 3F222FEB1A0C9DA90081992F /* UIkitAnimationTests.swift */; };
/* End PBXBuildFile section */

/* Begin PBXContainerItemProxy section */
		3F222FE61A0C9DA90081992F /* PBXContainerItemProxy */ = {
			isa = PBXContainerItemProxy;
			containerPortal = 3F222FC81A0C9DA90081992F /* Project object */;
			proxyType = 1;
			remoteGlobalIDString = 3F222FCF1A0C9DA90081992F;
			remoteInfo = UIkitAnimation;
		};
/* End PBXContainerItemProxy section */

/* Begin PBXFileReference section */
		3F222FD01A0C9DA90081992F /* UIkitAnimation.app */ = {isa = PBXFileReference; explicitFileType = wrapper.application; includeInIndex = 0; path = UIkitAnimation.app; sourceTree = BUILT_PRODUCTS_DIR; };
		3F222FD41A0C9DA90081992F /* Info.plist */ = {isa = PBXFileReference; lastKnownFileType = text.plist.xml; path = Info.plist; sourceTree = "<group>"; };
		3F222FD51A0C9DA90081992F /* AppDelegate.swift */ = {isa = PBXFileReference; lastKnownFileType = sourcecode.swift; path = AppDelegate.swift; sourceTree = "<group>"; };
		3F222FD71A0C9DA90081992F /* ViewController.swift */ = {isa = PBXFileReference; lastKnownFileType = sourcecode.swift; path = ViewController.swift; sourceTree = "<group>"; };
		3F222FDA1A0C9DA90081992F /* Base */ = {isa = PBXFileReference; lastKnownFileType = file.storyboard; name = Base; path = Base.lproj/Main.storyboard; sourceTree = "<group>"; };
		3F222FDC1A0C9DA90081992F /* Images.xcassets */ = {isa = PBXFileReference; lastKnownFileType = folder.assetcatalog; path = Images.xcassets; sourceTree = "<group>"; };
		3F222FDF1A0C9DA90081992F /* Base */ = {isa = PBXFileReference; lastKnownFileType = file.xib; name = Base; path = Base.lproj/LaunchScreen.xib; sourceTree = "<group>"; };
		3F222FE51A0C9DA90081992F /* UIkitAnimationTests.xctest */ = {isa = PBXFileReference; explicitFileType = wrapper.cfbundle; includeInIndex = 0; path = UIkitAnimationTests.xctest; sourceTree = BUILT_PRODUCTS_DIR; };
		3F222FEA1A0C9DA90081992F /* Info.plist */ = {isa = PBXFileReference; lastKnownFileType = text.plist.xml; path = Info.plist; sourceTree = "<group>"; };
		3F222FEB1A0C9DA90081992F /* UIkitAnimationTests.swift */ = {isa = PBXFileReference; lastKnownFileType = sourcecode.swift; path = UIkitAnimationTests.swift; sourceTree = "<group>"; };
/* End PBXFileReference section */

/* Begin PBXFrameworksBuildPhase section */
		3F222FCD1A0C9DA90081992F /* Frameworks */ = {
			isa = PBXFrameworksBuildPhase;
			buildActionMask = 2147483647;
			files = (
			);
			runOnlyForDeploymentPostprocessing = 0;
		};
		3F222FE21A0C9DA90081992F /* Frameworks */ = {
			isa = PBXFrameworksBuildPhase;
			buildActionMask = 2147483647;
			files = (
			);
			runOnlyForDeploymentPostprocessing = 0;
		};
/* End PBXFrameworksBuildPhase section */

/* Begin PBXGroup section */
		3F222FC71A0C9DA90081992F = {
			isa = PBXGroup;
			children = (
				3F222FD21A0C9DA90081992F /* UIkitAnimation */,
				3F222FE81A0C9DA90081992F /* UIkitAnimationTests */,
				3F222FD11A0C9DA90081992F /* Products */,
			);
			sourceTree = "<group>";
		};
		3F222FD11A0C9DA90081992F /* Products */ = {
			isa = PBXGroup;
			children = (
				3F222FD01A0C9DA90081992F /* UIkitAnimation.app */,
				3F222FE51A0C9DA90081992F /* UIkitAnimationTests.xctest */,
			);
			name = Products;
			sourceTree = "<group>";
		};
		3F222FD21A0C9DA90081992F /* UIkitAnimation */ = {
			isa = PBXGroup;
			children = (
				3F222FD51A0C9DA90081992F /* AppDelegate.swift */,
				3F222FD71A0C9DA90081992F /* ViewController.swift */,
				3F222FD91A0C9DA90081992F /* Main.storyboard */,
				3F222FDC1A0C9DA90081992F /* Images.xcassets */,
				3F222FDE1A0C9DA90081992F /* LaunchScreen.xib */,
				3F222FD31A0C9DA90081992F /* Supporting Files */,
			);
			path = UIkitAnimation;
			sourceTree = "<group>";
		};
		3F222FD31A0C9DA90081992F /* Supporting Files */ = {
			isa = PBXGroup;
			children = (
				3F222FD41A0C9DA90081992F /* Info.plist */,
			);
			name = "Supporting Files";
			sourceTree = "<group>";
		};
		3F222FE81A0C9DA90081992F /* UIkitAnimationTests */ = {
			isa = PBXGroup;
			children = (
				3F222FEB1A0C9DA90081992F /* UIkitAnimationTests.swift */,
				3F222FE91A0C9DA90081992F /* Supporting Files */,
			);
			path = UIkitAnimationTests;
			sourceTree = "<group>";
		};
		3F222FE91A0C9DA90081992F /* Supporting Files */ = {
			isa = PBXGroup;
			children = (
				3F222FEA1A0C9DA90081992F /* Info.plist */,
			);
			name = "Supporting Files";
			sourceTree = "<group>";
		};
/* End PBXGroup section */

/* Begin PBXNativeTarget section */
		3F222FCF1A0C9DA90081992F /* UIkitAnimation */ = {
			isa = PBXNativeTarget;
			buildConfigurationList = 3F222FEF1A0C9DA90081992F /* Build configuration list for PBXNativeTarget "UIkitAnimation" */;
			buildPhases = (
				3F222FCC1A0C9DA90081992F /* Sources */,
				3F222FCD1A0C9DA90081992F /* Frameworks */,
				3F222FCE1A0C9DA90081992F /* Resources */,
			);
			buildRules = (
			);
			dependencies = (
			);
			name = UIkitAnimation;
			productName = UIkitAnimation;
			productReference = 3F222FD01A0C9DA90081992F /* UIkitAnimation.app */;
			productType = "com.apple.product-type.application";
		};
		3F222FE41A0C9DA90081992F /* UIkitAnimationTests */ = {
			isa = PBXNativeTarget;
			buildConfigurationList = 3F222FF21A0C9DA90081992F /* Build configuration list for PBXNativeTarget "UIkitAnimationTests" */;
			buildPhases = (
				3F222FE11A0C9DA90081992F /* Sources */,
				3F222FE21A0C9DA90081992F /* Frameworks */,
				3F222FE31A0C9DA90081992F /* Resources */,
			);
			buildRules = (
			);
			dependencies = (
				3F222FE71A0C9DA90081992F /* PBXTargetDependency */,
			);
			name = UIkitAnimationTests;
			productName = UIkitAnimationTests;
			productReference = 3F222FE51A0C9DA90081992F /* UIkitAnimationTests.xctest */;
			productType = "com.apple.product-type.bundle.unit-test";
		};
/* End PBXNativeTarget section */

/* Begin PBXProject section */
		3F222FC81A0C9DA90081992F /* Project object */ = {
			isa = PBXProject;
			attributes = {
				LastUpgradeCheck = 0600;
				ORGANIZATIONNAME = student;
				TargetAttributes = {
					3F222FCF1A0C9DA90081992F = {
						CreatedOnToolsVersion = 6.0;
					};
					3F222FE41A0C9DA90081992F = {
						CreatedOnToolsVersion = 6.0;
						TestTargetID = 3F222FCF1A0C9DA90081992F;
					};
				};
			};
			buildConfigurationList = 3F222FCB1A0C9DA90081992F /* Build configuration list for PBXProject "UIkitAnimation" */;
			compatibilityVersion = "Xcode 3.2";
			developmentRegion = English;
			hasScannedForEncodings = 0;
			knownRegions = (
				en,
				Base,
			);
			mainGroup = 3F222FC71A0C9DA90081992F;
			productRefGroup = 3F222FD11A0C9DA90081992F /* Products */;
			projectDirPath = "";
			projectRoot = "";
			targets = (
				3F222FCF1A0C9DA90081992F /* UIkitAnimation */,
				3F222FE41A0C9DA90081992F /* UIkitAnimationTests */,
			);
		};
/* End PBXProject section */

/* Begin PBXResourcesBuildPhase section */
		3F222FCE1A0C9DA90081992F /* Resources */ = {
			isa = PBXResourcesBuildPhase;
			buildActionMask = 2147483647;
			files = (
				3F222FDB1A0C9DA90081992F /* Main.storyboard in Resources */,
				3F222FE01A0C9DA90081992F /* LaunchScreen.xib in Resources */,
				3F222FDD1A0C9DA90081992F /* Images.xcassets in Resources */,
			);
			runOnlyForDeploymentPostprocessing = 0;
		};
		3F222FE31A0C9DA90081992F /* Resources */ = {
			isa = PBXResourcesBuildPhase;
			buildActionMask = 2147483647;
			files = (
			);
			runOnlyForDeploymentPostprocessing = 0;
		};
/* End PBXResourcesBuildPhase section */

/* Begin PBXSourcesBuildPhase section */
		3F222FCC1A0C9DA90081992F /* Sources */ = {
			isa = PBXSourcesBuildPhase;
			buildActionMask = 2147483647;
			files = (
				3F222FD81A0C9DA90081992F /* ViewController.swift in Sources */,
				3F222FD61A0C9DA90081992F /* AppDelegate.swift in Sources */,
			);
			runOnlyForDeploymentPostprocessing = 0;
		};
		3F222FE11A0C9DA90081992F /* Sources */ = {
			isa = PBXSourcesBuildPhase;
			buildActionMask = 2147483647;
			files = (
				3F222FEC1A0C9DA90081992F /* UIkitAnimationTests.swift in Sources */,
			);
			runOnlyForDeploymentPostprocessing = 0;
		};
/* End PBXSourcesBuildPhase section */

/* Begin PBXTargetDependency section */
		3F222FE71A0C9DA90081992F /* PBXTargetDependency */ = {
			isa = PBXTargetDependency;
			target = 3F222FCF1A0C9DA90081992F /* UIkitAnimation */;
			targetProxy = 3F222FE61A0C9DA90081992F /* PBXContainerItemProxy */;
		};
/* End PBXTargetDependency section */

/* Begin PBXVariantGroup section */
		3F222FD91A0C9DA90081992F /* Main.storyboard */ = {
			isa = PBXVariantGroup;
			children = (
				3F222FDA1A0C9DA90081992F /* Base */,
			);
			name = Main.storyboard;
			sourceTree = "<group>";
		};
		3F222FDE1A0C9DA90081992F /* LaunchScreen.xib */ = {
			isa = PBXVariantGroup;
			children = (
				3F222FDF1A0C9DA90081992F /* Base */,
			);
			name = LaunchScreen.xib;
			sourceTree = "<group>";
		};
/* End PBXVariantGroup section */

/* Begin XCBuildConfiguration section */
		3F222FED1A0C9DA90081992F /* Debug */ = {
			isa = XCBuildConfiguration;
			buildSettings = {
				ALWAYS_SEARCH_USER_PATHS = NO;
				CLANG_CXX_LANGUAGE_STANDARD = "gnu++0x";
				CLANG_CXX_LIBRARY = "libc++";
				CLANG_ENABLE_MODULES = YES;
				CLANG_ENABLE_OBJC_ARC = YES;
				CLANG_WARN_BOOL_CONVERSION = YES;
				CLANG_WARN_CONSTANT_CONVERSION = YES;
				CLANG_WARN_DIRECT_OBJC_ISA_USAGE = YES_ERROR;
				CLANG_WARN_EMPTY_BODY = YES;
				CLANG_WARN_ENUM_CONVERSION = YES;
				CLANG_WARN_INT_CONVERSION = YES;
				CLANG_WARN_OBJC_ROOT_CLASS = YES_ERROR;
				CLANG_WARN_UNREACHABLE_CODE = YES;
				CLANG_WARN__DUPLICATE_METHOD_MATCH = YES;
				"CODE_SIGN_IDENTITY[sdk=iphoneos*]" = "iPhone Developer";
				COPY_PHASE_STRIP = NO;
				ENABLE_STRICT_OBJC_MSGSEND = YES;
				GCC_C_LANGUAGE_STANDARD = gnu99;
				GCC_DYNAMIC_NO_PIC = NO;
				GCC_OPTIMIZATION_LEVEL = 0;
				GCC_PREPROCESSOR_DEFINITIONS = (
					"DEBUG=1",
					"$(inherited)",
				);
				GCC_SYMBOLS_PRIVATE_EXTERN = NO;
				GCC_WARN_64_TO_32_BIT_CONVERSION = YES;
				GCC_WARN_ABOUT_RETURN_TYPE = YES_ERROR;
				GCC_WARN_UNDECLARED_SELECTOR = YES;
				GCC_WARN_UNINITIALIZED_AUTOS = YES_AGGRESSIVE;
				GCC_WARN_UNUSED_FUNCTION = YES;
				GCC_WARN_UNUSED_VARIABLE = YES;
				IPHONEOS_DEPLOYMENT_TARGET = 8.0;
				MTL_ENABLE_DEBUG_INFO = YES;
				ONLY_ACTIVE_ARCH = YES;
				SDKROOT = iphoneos;
				SWIFT_OPTIMIZATION_LEVEL = "-Onone";
			};
			name = Debug;
		};
		3F222FEE1A0C9DA90081992F /* Release */ = {
			isa = XCBuildConfiguration;
			buildSettings = {
				ALWAYS_SEARCH_USER_PATHS = NO;
				CLANG_CXX_LANGUAGE_STANDARD = "gnu++0x";
				CLANG_CXX_LIBRARY = "libc++";
				CLANG_ENABLE_MODULES = YES;
				CLANG_ENABLE_OBJC_ARC = YES;
				CLANG_WARN_BOOL_CONVERSION = YES;
				CLANG_WARN_CONSTANT_CONVERSION = YES;
				CLANG_WARN_DIRECT_OBJC_ISA_USAGE = YES_ERROR;
				CLANG_WARN_EMPTY_BODY = YES;
				CLANG_WARN_ENUM_CONVERSION = YES;
				CLANG_WARN_INT_CONVERSION = YES;
				CLANG_WARN_OBJC_ROOT_CLASS = YES_ERROR;
				CLANG_WARN_UNREACHABLE_CODE = YES;
				CLANG_WARN__DUPLICATE_METHOD_MATCH = YES;
				"CODE_SIGN_IDENTITY[sdk=iphoneos*]" = "iPhone Developer";
				COPY_PHASE_STRIP = YES;
				ENABLE_NS_ASSERTIONS = NO;
				ENABLE_STRICT_OBJC_MSGSEND = YES;
				GCC_C_LANGUAGE_STANDARD = gnu99;
				GCC_WARN_64_TO_32_BIT_CONVERSION = YES;
				GCC_WARN_ABOUT_RETURN_TYPE = YES_ERROR;
				GCC_WARN_UNDECLARED_SELECTOR = YES;
				GCC_WARN_UNINITIALIZED_AUTOS = YES_AGGRESSIVE;
				GCC_WARN_UNUSED_FUNCTION = YES;
				GCC_WARN_UNUSED_VARIABLE = YES;
				IPHONEOS_DEPLOYMENT_TARGET = 8.0;
				MTL_ENABLE_DEBUG_INFO = NO;
				SDKROOT = iphoneos;
				VALIDATE_PRODUCT = YES;
			};
			name = Release;
		};
		3F222FF01A0C9DA90081992F /* Debug */ = {
			isa = XCBuildConfiguration;
			buildSettings = {
				ASSETCATALOG_COMPILER_APPICON_NAME = AppIcon;
				INFOPLIST_FILE = UIkitAnimation/Info.plist;
				LD_RUNPATH_SEARCH_PATHS = "$(inherited) @executable_path/Frameworks";
				PRODUCT_NAME = "$(TARGET_NAME)";
			};
			name = Debug;
		};
		3F222FF11A0C9DA90081992F /* Release */ = {
			isa = XCBuildConfiguration;
			buildSettings = {
				ASSETCATALOG_COMPILER_APPICON_NAME = AppIcon;
				INFOPLIST_FILE = UIkitAnimation/Info.plist;
				LD_RUNPATH_SEARCH_PATHS = "$(inherited) @executable_path/Frameworks";
				PRODUCT_NAME = "$(TARGET_NAME)";
			};
			name = Release;
		};
		3F222FF31A0C9DA90081992F /* Debug */ = {
			isa = XCBuildConfiguration;
			buildSettings = {
				BUNDLE_LOADER = "$(TEST_HOST)";
				FRAMEWORK_SEARCH_PATHS = (
					"$(SDKROOT)/Developer/Library/Frameworks",
					"$(inherited)",
				);
				GCC_PREPROCESSOR_DEFINITIONS = (
					"DEBUG=1",
					"$(inherited)",
				);
				INFOPLIST_FILE = UIkitAnimationTests/Info.plist;
				LD_RUNPATH_SEARCH_PATHS = "$(inherited) @executable_path/Frameworks @loader_path/Frameworks";
				PRODUCT_NAME = "$(TARGET_NAME)";
				TEST_HOST = "$(BUILT_PRODUCTS_DIR)/UIkitAnimation.app/UIkitAnimation";
			};
			name = Debug;
		};
		3F222FF41A0C9DA90081992F /* Release */ = {
			isa = XCBuildConfiguration;
			buildSettings = {
				BUNDLE_LOADER = "$(TEST_HOST)";
				FRAMEWORK_SEARCH_PATHS = (
					"$(SDKROOT)/Developer/Library/Frameworks",
					"$(inherited)",
				);
				INFOPLIST_FILE = UIkitAnimationTests/Info.plist;
				LD_RUNPATH_SEARCH_PATHS = "$(inherited) @executable_path/Frameworks @loader_path/Frameworks";
				PRODUCT_NAME = "$(TARGET_NAME)";
				TEST_HOST = "$(BUILT_PRODUCTS_DIR)/UIkitAnimation.app/UIkitAnimation";
			};
			name = Release;
		};
/* End XCBuildConfiguration section */

/* Begin XCConfigurationList section */
		3F222FCB1A0C9DA90081992F /* Build configuration list for PBXProject "UIkitAnimation" */ = {
			isa = XCConfigurationList;
			buildConfigurations = (
				3F222FED1A0C9DA90081992F /* Debug */,
				3F222FEE1A0C9DA90081992F /* Release */,
			);
			defaultConfigurationIsVisible = 0;
			defaultConfigurationName = Release;
		};
		3F222FEF1A0C9DA90081992F /* Build configuration list for PBXNativeTarget "UIkitAnimation" */ = {
			isa = XCConfigurationList;
			buildConfigurations = (
				3F222FF01A0C9DA90081992F /* Debug */,
				3F222FF11A0C9DA90081992F /* Release */,
			);
			defaultConfigurationIsVisible = 0;
		};
		3F222FF21A0C9DA90081992F /* Build configuration list for PBXNativeTarget "UIkitAnimationTests" */ = {
			isa = XCConfigurationList;
			buildConfigurations = (
				3F222FF31A0C9DA90081992F /* Debug */,
				3F222FF41A0C9DA90081992F /* Release */,
			);
			defaultConfigurationIsVisible = 0;
		};
/* End XCConfigurationList section */
	};
	rootObject = 3F222FC81A0C9DA90081992F /* Project object */;
}
