// !$*UTF8*$!
{
	archiveVersion = 1;
	classes = {
	};
	objectVersion = 46;
	objects = {

/* Begin PBXBuildFile section */
		3F2230041A0CB8990081992F /* AppDelegate.swift in Sources */ = {isa = PBXBuildFile; fileRef = 3F2230031A0CB8990081992F /* AppDelegate.swift */; };
		3F2230061A0CB8990081992F /* ViewController.swift in Sources */ = {isa = PBXBuildFile; fileRef = 3F2230051A0CB8990081992F /* ViewController.swift */; };
		3F2230091A0CB8990081992F /* Main.storyboard in Resources */ = {isa = PBXBuildFile; fileRef = 3F2230071A0CB8990081992F /* Main.storyboard */; };
		3F22300B1A0CB8990081992F /* Images.xcassets in Resources */ = {isa = PBXBuildFile; fileRef = 3F22300A1A0CB8990081992F /* Images.xcassets */; };
		3F22300E1A0CB8990081992F /* LaunchScreen.xib in Resources */ = {isa = PBXBuildFile; fileRef = 3F22300C1A0CB8990081992F /* LaunchScreen.xib */; };
		3F22301A1A0CB8990081992F /* testClass1Tests.swift in Sources */ = {isa = PBXBuildFile; fileRef = 3F2230191A0CB8990081992F /* testClass1Tests.swift */; };
		3F2230241A0CCB2A0081992F /* fish.jpg in Resources */ = {isa = PBXBuildFile; fileRef = 3F2230231A0CCB2A0081992F /* fish.jpg */; };
		3F2230261A0CCC3D0081992F /* giphy.gif in Resources */ = {isa = PBXBuildFile; fileRef = 3F2230251A0CCC3D0081992F /* giphy.gif */; };
		3F2230281A0CCDB60081992F /* fish.gif in Resources */ = {isa = PBXBuildFile; fileRef = 3F2230271A0CCDB60081992F /* fish.gif */; };
/* End PBXBuildFile section */

/* Begin PBXContainerItemProxy section */
		3F2230141A0CB8990081992F /* PBXContainerItemProxy */ = {
			isa = PBXContainerItemProxy;
			containerPortal = 3F222FF61A0CB8990081992F /* Project object */;
			proxyType = 1;
			remoteGlobalIDString = 3F222FFD1A0CB8990081992F;
			remoteInfo = testClass1;
		};
/* End PBXContainerItemProxy section */

/* Begin PBXFileReference section */
		3F222FFE1A0CB8990081992F /* testClass1.app */ = {isa = PBXFileReference; explicitFileType = wrapper.application; includeInIndex = 0; path = testClass1.app; sourceTree = BUILT_PRODUCTS_DIR; };
		3F2230021A0CB8990081992F /* Info.plist */ = {isa = PBXFileReference; lastKnownFileType = text.plist.xml; path = Info.plist; sourceTree = "<group>"; };
		3F2230031A0CB8990081992F /* AppDelegate.swift */ = {isa = PBXFileReference; lastKnownFileType = sourcecode.swift; path = AppDelegate.swift; sourceTree = "<group>"; };
		3F2230051A0CB8990081992F /* ViewController.swift */ = {isa = PBXFileReference; lastKnownFileType = sourcecode.swift; path = ViewController.swift; sourceTree = "<group>"; };
		3F2230081A0CB8990081992F /* Base */ = {isa = PBXFileReference; lastKnownFileType = file.storyboard; name = Base; path = Base.lproj/Main.storyboard; sourceTree = "<group>"; };
		3F22300A1A0CB8990081992F /* Images.xcassets */ = {isa = PBXFileReference; lastKnownFileType = folder.assetcatalog; path = Images.xcassets; sourceTree = "<group>"; };
		3F22300D1A0CB8990081992F /* Base */ = {isa = PBXFileReference; lastKnownFileType = file.xib; name = Base; path = Base.lproj/LaunchScreen.xib; sourceTree = "<group>"; };
		3F2230131A0CB8990081992F /* testClass1Tests.xctest */ = {isa = PBXFileReference; explicitFileType = wrapper.cfbundle; includeInIndex = 0; path = testClass1Tests.xctest; sourceTree = BUILT_PRODUCTS_DIR; };
		3F2230181A0CB8990081992F /* Info.plist */ = {isa = PBXFileReference; lastKnownFileType = text.plist.xml; path = Info.plist; sourceTree = "<group>"; };
		3F2230191A0CB8990081992F /* testClass1Tests.swift */ = {isa = PBXFileReference; lastKnownFileType = sourcecode.swift; path = testClass1Tests.swift; sourceTree = "<group>"; };
		3F2230231A0CCB2A0081992F /* fish.jpg */ = {isa = PBXFileReference; lastKnownFileType = image.jpeg; path = fish.jpg; sourceTree = "<group>"; };
		3F2230251A0CCC3D0081992F /* giphy.gif */ = {isa = PBXFileReference; lastKnownFileType = image.gif; path = giphy.gif; sourceTree = "<group>"; };
		3F2230271A0CCDB60081992F /* fish.gif */ = {isa = PBXFileReference; lastKnownFileType = image.gif; path = fish.gif; sourceTree = "<group>"; };
/* End PBXFileReference section */

/* Begin PBXFrameworksBuildPhase section */
		3F222FFB1A0CB8990081992F /* Frameworks */ = {
			isa = PBXFrameworksBuildPhase;
			buildActionMask = 2147483647;
			files = (
			);
			runOnlyForDeploymentPostprocessing = 0;
		};
		3F2230101A0CB8990081992F /* Frameworks */ = {
			isa = PBXFrameworksBuildPhase;
			buildActionMask = 2147483647;
			files = (
			);
			runOnlyForDeploymentPostprocessing = 0;
		};
/* End PBXFrameworksBuildPhase section */

/* Begin PBXGroup section */
		3F222FF51A0CB8990081992F = {
			isa = PBXGroup;
			children = (
				3F2230001A0CB8990081992F /* testClass1 */,
				3F2230161A0CB8990081992F /* testClass1Tests */,
				3F222FFF1A0CB8990081992F /* Products */,
			);
			sourceTree = "<group>";
		};
		3F222FFF1A0CB8990081992F /* Products */ = {
			isa = PBXGroup;
			children = (
				3F222FFE1A0CB8990081992F /* testClass1.app */,
				3F2230131A0CB8990081992F /* testClass1Tests.xctest */,
			);
			name = Products;
			sourceTree = "<group>";
		};
		3F2230001A0CB8990081992F /* testClass1 */ = {
			isa = PBXGroup;
			children = (
				3F2230271A0CCDB60081992F /* fish.gif */,
				3F2230251A0CCC3D0081992F /* giphy.gif */,
				3F2230231A0CCB2A0081992F /* fish.jpg */,
				3F2230031A0CB8990081992F /* AppDelegate.swift */,
				3F2230051A0CB8990081992F /* ViewController.swift */,
				3F2230071A0CB8990081992F /* Main.storyboard */,
				3F22300A1A0CB8990081992F /* Images.xcassets */,
				3F22300C1A0CB8990081992F /* LaunchScreen.xib */,
				3F2230011A0CB8990081992F /* Supporting Files */,
			);
			path = testClass1;
			sourceTree = "<group>";
		};
		3F2230011A0CB8990081992F /* Supporting Files */ = {
			isa = PBXGroup;
			children = (
				3F2230021A0CB8990081992F /* Info.plist */,
			);
			name = "Supporting Files";
			sourceTree = "<group>";
		};
		3F2230161A0CB8990081992F /* testClass1Tests */ = {
			isa = PBXGroup;
			children = (
				3F2230191A0CB8990081992F /* testClass1Tests.swift */,
				3F2230171A0CB8990081992F /* Supporting Files */,
			);
			path = testClass1Tests;
			sourceTree = "<group>";
		};
		3F2230171A0CB8990081992F /* Supporting Files */ = {
			isa = PBXGroup;
			children = (
				3F2230181A0CB8990081992F /* Info.plist */,
			);
			name = "Supporting Files";
			sourceTree = "<group>";
		};
/* End PBXGroup section */

/* Begin PBXNativeTarget section */
		3F222FFD1A0CB8990081992F /* testClass1 */ = {
			isa = PBXNativeTarget;
			buildConfigurationList = 3F22301D1A0CB8990081992F /* Build configuration list for PBXNativeTarget "testClass1" */;
			buildPhases = (
				3F222FFA1A0CB8990081992F /* Sources */,
				3F222FFB1A0CB8990081992F /* Frameworks */,
				3F222FFC1A0CB8990081992F /* Resources */,
			);
			buildRules = (
			);
			dependencies = (
			);
			name = testClass1;
			productName = testClass1;
			productReference = 3F222FFE1A0CB8990081992F /* testClass1.app */;
			productType = "com.apple.product-type.application";
		};
		3F2230121A0CB8990081992F /* testClass1Tests */ = {
			isa = PBXNativeTarget;
			buildConfigurationList = 3F2230201A0CB8990081992F /* Build configuration list for PBXNativeTarget "testClass1Tests" */;
			buildPhases = (
				3F22300F1A0CB8990081992F /* Sources */,
				3F2230101A0CB8990081992F /* Frameworks */,
				3F2230111A0CB8990081992F /* Resources */,
			);
			buildRules = (
			);
			dependencies = (
				3F2230151A0CB8990081992F /* PBXTargetDependency */,
			);
			name = testClass1Tests;
			productName = testClass1Tests;
			productReference = 3F2230131A0CB8990081992F /* testClass1Tests.xctest */;
			productType = "com.apple.product-type.bundle.unit-test";
		};
/* End PBXNativeTarget section */

/* Begin PBXProject section */
		3F222FF61A0CB8990081992F /* Project object */ = {
			isa = PBXProject;
			attributes = {
				LastUpgradeCheck = 0600;
				ORGANIZATIONNAME = student;
				TargetAttributes = {
					3F222FFD1A0CB8990081992F = {
						CreatedOnToolsVersion = 6.0;
					};
					3F2230121A0CB8990081992F = {
						CreatedOnToolsVersion = 6.0;
						TestTargetID = 3F222FFD1A0CB8990081992F;
					};
				};
			};
			buildConfigurationList = 3F222FF91A0CB8990081992F /* Build configuration list for PBXProject "testClass1" */;
			compatibilityVersion = "Xcode 3.2";
			developmentRegion = English;
			hasScannedForEncodings = 0;
			knownRegions = (
				en,
				Base,
			);
			mainGroup = 3F222FF51A0CB8990081992F;
			productRefGroup = 3F222FFF1A0CB8990081992F /* Products */;
			projectDirPath = "";
			projectRoot = "";
			targets = (
				3F222FFD1A0CB8990081992F /* testClass1 */,
				3F2230121A0CB8990081992F /* testClass1Tests */,
			);
		};
/* End PBXProject section */

/* Begin PBXResourcesBuildPhase section */
		3F222FFC1A0CB8990081992F /* Resources */ = {
			isa = PBXResourcesBuildPhase;
			buildActionMask = 2147483647;
			files = (
				3F2230261A0CCC3D0081992F /* giphy.gif in Resources */,
				3F2230091A0CB8990081992F /* Main.storyboard in Resources */,
				3F2230241A0CCB2A0081992F /* fish.jpg in Resources */,
				3F22300E1A0CB8990081992F /* LaunchScreen.xib in Resources */,
				3F2230281A0CCDB60081992F /* fish.gif in Resources */,
				3F22300B1A0CB8990081992F /* Images.xcassets in Resources */,
			);
			runOnlyForDeploymentPostprocessing = 0;
		};
		3F2230111A0CB8990081992F /* Resources */ = {
			isa = PBXResourcesBuildPhase;
			buildActionMask = 2147483647;
			files = (
			);
			runOnlyForDeploymentPostprocessing = 0;
		};
/* End PBXResourcesBuildPhase section */

/* Begin PBXSourcesBuildPhase section */
		3F222FFA1A0CB8990081992F /* Sources */ = {
			isa = PBXSourcesBuildPhase;
			buildActionMask = 2147483647;
			files = (
				3F2230061A0CB8990081992F /* ViewController.swift in Sources */,
				3F2230041A0CB8990081992F /* AppDelegate.swift in Sources */,
			);
			runOnlyForDeploymentPostprocessing = 0;
		};
		3F22300F1A0CB8990081992F /* Sources */ = {
			isa = PBXSourcesBuildPhase;
			buildActionMask = 2147483647;
			files = (
				3F22301A1A0CB8990081992F /* testClass1Tests.swift in Sources */,
			);
			runOnlyForDeploymentPostprocessing = 0;
		};
/* End PBXSourcesBuildPhase section */

/* Begin PBXTargetDependency section */
		3F2230151A0CB8990081992F /* PBXTargetDependency */ = {
			isa = PBXTargetDependency;
			target = 3F222FFD1A0CB8990081992F /* testClass1 */;
			targetProxy = 3F2230141A0CB8990081992F /* PBXContainerItemProxy */;
		};
/* End PBXTargetDependency section */

/* Begin PBXVariantGroup section */
		3F2230071A0CB8990081992F /* Main.storyboard */ = {
			isa = PBXVariantGroup;
			children = (
				3F2230081A0CB8990081992F /* Base */,
			);
			name = Main.storyboard;
			sourceTree = "<group>";
		};
		3F22300C1A0CB8990081992F /* LaunchScreen.xib */ = {
			isa = PBXVariantGroup;
			children = (
				3F22300D1A0CB8990081992F /* Base */,
			);
			name = LaunchScreen.xib;
			sourceTree = "<group>";
		};
/* End PBXVariantGroup section */

/* Begin XCBuildConfiguration section */
		3F22301B1A0CB8990081992F /* Debug */ = {
			isa = XCBuildConfiguration;
			buildSettings = {
				ALWAYS_SEARCH_USER_PATHS = NO;
				CLANG_CXX_LANGUAGE_STANDARD = "gnu++0x";
				CLANG_CXX_LIBRARY = "libc++";
				CLANG_ENABLE_MODULES = YES;
				CLANG_ENABLE_OBJC_ARC = YES;
				CLANG_WARN_BOOL_CONVERSION = YES;
				CLANG_WARN_CONSTANT_CONVERSION = YES;
				CLANG_WARN_DIRECT_OBJC_ISA_USAGE = YES_ERROR;
				CLANG_WARN_EMPTY_BODY = YES;
				CLANG_WARN_ENUM_CONVERSION = YES;
				CLANG_WARN_INT_CONVERSION = YES;
				CLANG_WARN_OBJC_ROOT_CLASS = YES_ERROR;
				CLANG_WARN_UNREACHABLE_CODE = YES;
				CLANG_WARN__DUPLICATE_METHOD_MATCH = YES;
				"CODE_SIGN_IDENTITY[sdk=iphoneos*]" = "iPhone Developer";
				COPY_PHASE_STRIP = NO;
				ENABLE_STRICT_OBJC_MSGSEND = YES;
				GCC_C_LANGUAGE_STANDARD = gnu99;
				GCC_DYNAMIC_NO_PIC = NO;
				GCC_OPTIMIZATION_LEVEL = 0;
				GCC_PREPROCESSOR_DEFINITIONS = (
					"DEBUG=1",
					"$(inherited)",
				);
				GCC_SYMBOLS_PRIVATE_EXTERN = NO;
				GCC_WARN_64_TO_32_BIT_CONVERSION = YES;
				GCC_WARN_ABOUT_RETURN_TYPE = YES_ERROR;
				GCC_WARN_UNDECLARED_SELECTOR = YES;
				GCC_WARN_UNINITIALIZED_AUTOS = YES_AGGRESSIVE;
				GCC_WARN_UNUSED_FUNCTION = YES;
				GCC_WARN_UNUSED_VARIABLE = YES;
				IPHONEOS_DEPLOYMENT_TARGET = 8.0;
				MTL_ENABLE_DEBUG_INFO = YES;
				ONLY_ACTIVE_ARCH = YES;
				SDKROOT = iphoneos;
				SWIFT_OPTIMIZATION_LEVEL = "-Onone";
			};
			name = Debug;
		};
		3F22301C1A0CB8990081992F /* Release */ = {
			isa = XCBuildConfiguration;
			buildSettings = {
				ALWAYS_SEARCH_USER_PATHS = NO;
				CLANG_CXX_LANGUAGE_STANDARD = "gnu++0x";
				CLANG_CXX_LIBRARY = "libc++";
				CLANG_ENABLE_MODULES = YES;
				CLANG_ENABLE_OBJC_ARC = YES;
				CLANG_WARN_BOOL_CONVERSION = YES;
				CLANG_WARN_CONSTANT_CONVERSION = YES;
				CLANG_WARN_DIRECT_OBJC_ISA_USAGE = YES_ERROR;
				CLANG_WARN_EMPTY_BODY = YES;
				CLANG_WARN_ENUM_CONVERSION = YES;
				CLANG_WARN_INT_CONVERSION = YES;
				CLANG_WARN_OBJC_ROOT_CLASS = YES_ERROR;
				CLANG_WARN_UNREACHABLE_CODE = YES;
				CLANG_WARN__DUPLICATE_METHOD_MATCH = YES;
				"CODE_SIGN_IDENTITY[sdk=iphoneos*]" = "iPhone Developer";
				COPY_PHASE_STRIP = YES;
				ENABLE_NS_ASSERTIONS = NO;
				ENABLE_STRICT_OBJC_MSGSEND = YES;
				GCC_C_LANGUAGE_STANDARD = gnu99;
				GCC_WARN_64_TO_32_BIT_CONVERSION = YES;
				GCC_WARN_ABOUT_RETURN_TYPE = YES_ERROR;
				GCC_WARN_UNDECLARED_SELECTOR = YES;
				GCC_WARN_UNINITIALIZED_AUTOS = YES_AGGRESSIVE;
				GCC_WARN_UNUSED_FUNCTION = YES;
				GCC_WARN_UNUSED_VARIABLE = YES;
				IPHONEOS_DEPLOYMENT_TARGET = 8.0;
				MTL_ENABLE_DEBUG_INFO = NO;
				SDKROOT = iphoneos;
				VALIDATE_PRODUCT = YES;
			};
			name = Release;
		};
		3F22301E1A0CB8990081992F /* Debug */ = {
			isa = XCBuildConfiguration;
			buildSettings = {
				ASSETCATALOG_COMPILER_APPICON_NAME = AppIcon;
				INFOPLIST_FILE = testClass1/Info.plist;
				LD_RUNPATH_SEARCH_PATHS = "$(inherited) @executable_path/Frameworks";
				PRODUCT_NAME = "$(TARGET_NAME)";
			};
			name = Debug;
		};
		3F22301F1A0CB8990081992F /* Release */ = {
			isa = XCBuildConfiguration;
			buildSettings = {
				ASSETCATALOG_COMPILER_APPICON_NAME = AppIcon;
				INFOPLIST_FILE = testClass1/Info.plist;
				LD_RUNPATH_SEARCH_PATHS = "$(inherited) @executable_path/Frameworks";
				PRODUCT_NAME = "$(TARGET_NAME)";
			};
			name = Release;
		};
		3F2230211A0CB8990081992F /* Debug */ = {
			isa = XCBuildConfiguration;
			buildSettings = {
				BUNDLE_LOADER = "$(TEST_HOST)";
				FRAMEWORK_SEARCH_PATHS = (
					"$(SDKROOT)/Developer/Library/Frameworks",
					"$(inherited)",
				);
				GCC_PREPROCESSOR_DEFINITIONS = (
					"DEBUG=1",
					"$(inherited)",
				);
				INFOPLIST_FILE = testClass1Tests/Info.plist;
				LD_RUNPATH_SEARCH_PATHS = "$(inherited) @executable_path/Frameworks @loader_path/Frameworks";
				PRODUCT_NAME = "$(TARGET_NAME)";
				TEST_HOST = "$(BUILT_PRODUCTS_DIR)/testClass1.app/testClass1";
			};
			name = Debug;
		};
		3F2230221A0CB8990081992F /* Release */ = {
			isa = XCBuildConfiguration;
			buildSettings = {
				BUNDLE_LOADER = "$(TEST_HOST)";
				FRAMEWORK_SEARCH_PATHS = (
					"$(SDKROOT)/Developer/Library/Frameworks",
					"$(inherited)",
				);
				INFOPLIST_FILE = testClass1Tests/Info.plist;
				LD_RUNPATH_SEARCH_PATHS = "$(inherited) @executable_path/Frameworks @loader_path/Frameworks";
				PRODUCT_NAME = "$(TARGET_NAME)";
				TEST_HOST = "$(BUILT_PRODUCTS_DIR)/testClass1.app/testClass1";
			};
			name = Release;
		};
/* End XCBuildConfiguration section */

/* Begin XCConfigurationList section */
		3F222FF91A0CB8990081992F /* Build configuration list for PBXProject "testClass1" */ = {
			isa = XCConfigurationList;
			buildConfigurations = (
				3F22301B1A0CB8990081992F /* Debug */,
				3F22301C1A0CB8990081992F /* Release */,
			);
			defaultConfigurationIsVisible = 0;
			defaultConfigurationName = Release;
		};
		3F22301D1A0CB8990081992F /* Build configuration list for PBXNativeTarget "testClass1" */ = {
			isa = XCConfigurationList;
			buildConfigurations = (
				3F22301E1A0CB8990081992F /* Debug */,
				3F22301F1A0CB8990081992F /* Release */,
			);
			defaultConfigurationIsVisible = 0;
		};
		3F2230201A0CB8990081992F /* Build configuration list for PBXNativeTarget "testClass1Tests" */ = {
			isa = XCConfigurationList;
			buildConfigurations = (
				3F2230211A0CB8990081992F /* Debug */,
				3F2230221A0CB8990081992F /* Release */,
			);
			defaultConfigurationIsVisible = 0;
		};
/* End XCConfigurationList section */
	};
	rootObject = 3F222FF61A0CB8990081992F /* Project object */;
}
